
Microsoft Visual Studio Solution File, Format Version 12.00
# Visual Studio Version 17
VisualStudioVersion = 17.7.34024.191
MinimumVisualStudioVersion = 10.0.40219.1
Project("{8BC9CEB8-8B4A-11D0-8D11-00A0C91BC942}") = "U06EX", "U06EX.vcxproj", "{B38409D4-43F1-4BD0-9746-447EC71FBFDC}"
EndProject
Global
	GlobalSection(SolutionConfigurationPlatforms) = preSolution
		Debug|x64 = Debug|x64
		Debug|x86 = Debug|x86
		Release|x64 = Release|x64
		Release|x86 = Release|x86
	EndGlobalSection
	GlobalSection(ProjectConfigurationPlatforms) = postSolution
		{B38409D4-43F1-4BD0-9746-447EC71FBFDC}.Debug|x64.ActiveCfg = Debug|x64
		{B38409D4-43F1-4BD0-9746-447EC71FBFDC}.Debug|x64.Build.0 = Debug|x64
		{B38409D4-43F1-4BD0-9746-447EC71FBFDC}.Debug|x86.ActiveCfg = Debug|Win32
		{B38409D4-43F1-4BD0-9746-447EC71FBFDC}.Debug|x86.Build.0 = Debug|Win32
		{B38409D4-43F1-4BD0-9746-447EC71FBFDC}.Release|x64.ActiveCfg = Release|x64
		{B38409D4-43F1-4BD0-9746-447EC71FBFDC}.Release|x64.Build.0 = Release|x64
		{B38409D4-43F1-4BD0-9746-447EC71FBFDC}.Release|x86.ActiveCfg = Release|Win32
		{B38409D4-43F1-4BD0-9746-447EC71FBFDC}.Release|x86.Build.0 = Release|Win32
	EndGlobalSection
	GlobalSection(SolutionProperties) = preSolution
		HideSolutionNode = FALSE
	EndGlobalSection
	GlobalSection(ExtensibilityGlobals) = postSolution
		SolutionGuid = {55B2B725-0507-4114-B550-89DB827AF7F2}
	EndGlobalSection
EndGlobal
